
Microsoft Visual Studio Solution File, Format Version 12.00
# Visual Studio Version 17
VisualStudioVersion = 17.1.32328.378
MinimumVisualStudioVersion = 10.0.40219.1
Project("{FAE04EC0-301F-11D3-BF4B-00C04F79EFBC}") = "Gruzdev", "Gruzdev.csproj", "{BADD7A70-FEFD-42AA-B2F6-ADBBB0166A56}"
EndProject
Global
	GlobalSection(SolutionConfigurationPlatforms) = preSolution
		Debug|Any CPU = Debug|Any CPU
		Release|Any CPU = Release|Any CPU
	EndGlobalSection
	GlobalSection(ProjectConfigurationPlatforms) = postSolution
		{BADD7A70-FEFD-42AA-B2F6-ADBBB0166A56}.Debug|Any CPU.ActiveCfg = Debug|Any CPU
		{BADD7A70-FEFD-42AA-B2F6-ADBBB0166A56}.Debug|Any CPU.Build.0 = Debug|Any CPU
		{BADD7A70-FEFD-42AA-B2F6-ADBBB0166A56}.Release|Any CPU.ActiveCfg = Release|Any CPU
		{BADD7A70-FEFD-42AA-B2F6-ADBBB0166A56}.Release|Any CPU.Build.0 = Release|Any CPU
	EndGlobalSection
	GlobalSection(SolutionProperties) = preSolution
		HideSolutionNode = FALSE
	EndGlobalSection
	GlobalSection(ExtensibilityGlobals) = postSolution
		SolutionGuid = {0E26C3B2-C846-4B13-A6DE-7A33D77698F6}
	EndGlobalSection
EndGlobal
